// !$*UTF8*$!
{
	archiveVersion = 1;
	classes = {
	};
	objectVersion = 50;
	objects = {

/* Begin PBXBuildFile section */
		CA1FB75C269AE8BF001AF136 /* FriendsAPIService.swift in Sources */ = {isa = PBXBuildFile; fileRef = CA1FB75B269AE8BF001AF136 /* FriendsAPIService.swift */; };
		CA1FB75E269AE91B001AF136 /* GroupsAPIService.swift in Sources */ = {isa = PBXBuildFile; fileRef = CA1FB75D269AE91B001AF136 /* GroupsAPIService.swift */; };
		CA1FB760269AE93F001AF136 /* PhotosAPIService.swift in Sources */ = {isa = PBXBuildFile; fileRef = CA1FB75F269AE93F001AF136 /* PhotosAPIService.swift */; };
		CA1FB762269AF898001AF136 /* GroupsSearchAPIService.swift in Sources */ = {isa = PBXBuildFile; fileRef = CA1FB761269AF898001AF136 /* GroupsSearchAPIService.swift */; };
		CA84584826A03521001F9041 /* MainTabBarController.swift in Sources */ = {isa = PBXBuildFile; fileRef = CA84584726A03521001F9041 /* MainTabBarController.swift */; };
		CA84584A26A0355C001F9041 /* FriendsViewController.swift in Sources */ = {isa = PBXBuildFile; fileRef = CA84584926A0355C001F9041 /* FriendsViewController.swift */; };
		CA84584C26A0357A001F9041 /* PhotosViewController.swift in Sources */ = {isa = PBXBuildFile; fileRef = CA84584B26A0357A001F9041 /* PhotosViewController.swift */; };
		CA84584E26A035A1001F9041 /* UserGroupsViewController.swift in Sources */ = {isa = PBXBuildFile; fileRef = CA84584D26A035A1001F9041 /* UserGroupsViewController.swift */; };
		CA84585026A036AB001F9041 /* SearchGroupsViewController.swift in Sources */ = {isa = PBXBuildFile; fileRef = CA84584F26A036AB001F9041 /* SearchGroupsViewController.swift */; };
		CA84585326A042F8001F9041 /* Friends.swift in Sources */ = {isa = PBXBuildFile; fileRef = CA84585226A042F8001F9041 /* Friends.swift */; };
		CA84585526A055BC001F9041 /* UserGroups.swift in Sources */ = {isa = PBXBuildFile; fileRef = CA84585426A055BC001F9041 /* UserGroups.swift */; };
		CA84585726A05C3D001F9041 /* Photos.swift in Sources */ = {isa = PBXBuildFile; fileRef = CA84585626A05C3D001F9041 /* Photos.swift */; };
		CA84585926A05DC6001F9041 /* PhotoCell.swift in Sources */ = {isa = PBXBuildFile; fileRef = CA84585826A05DC6001F9041 /* PhotoCell.swift */; };
		CA84585B26A060E8001F9041 /* SearchingGroups.swift in Sources */ = {isa = PBXBuildFile; fileRef = CA84585A26A060E8001F9041 /* SearchingGroups.swift */; };
		CA923C70269440D200D8169F /* AppDelegate.swift in Sources */ = {isa = PBXBuildFile; fileRef = CA923C6F269440D200D8169F /* AppDelegate.swift */; };
		CA923C72269440D200D8169F /* SceneDelegate.swift in Sources */ = {isa = PBXBuildFile; fileRef = CA923C71269440D200D8169F /* SceneDelegate.swift */; };
		CA923C74269440D200D8169F /* AuthViewController.swift in Sources */ = {isa = PBXBuildFile; fileRef = CA923C73269440D200D8169F /* AuthViewController.swift */; };
		CA923C77269440D200D8169F /* Main.storyboard in Resources */ = {isa = PBXBuildFile; fileRef = CA923C75269440D200D8169F /* Main.storyboard */; };
		CA923C79269440D400D8169F /* Assets.xcassets in Resources */ = {isa = PBXBuildFile; fileRef = CA923C78269440D400D8169F /* Assets.xcassets */; };
		CA923C7C269440D400D8169F /* LaunchScreen.storyboard in Resources */ = {isa = PBXBuildFile; fileRef = CA923C7A269440D400D8169F /* LaunchScreen.storyboard */; };
		CA923C86269441E100D8169F /* Session.swift in Sources */ = {isa = PBXBuildFile; fileRef = CA923C85269441E100D8169F /* Session.swift */; };
/* End PBXBuildFile section */

/* Begin PBXFileReference section */
		CA1FB75B269AE8BF001AF136 /* FriendsAPIService.swift */ = {isa = PBXFileReference; lastKnownFileType = sourcecode.swift; path = FriendsAPIService.swift; sourceTree = "<group>"; };
		CA1FB75D269AE91B001AF136 /* GroupsAPIService.swift */ = {isa = PBXFileReference; lastKnownFileType = sourcecode.swift; path = GroupsAPIService.swift; sourceTree = "<group>"; };
		CA1FB75F269AE93F001AF136 /* PhotosAPIService.swift */ = {isa = PBXFileReference; lastKnownFileType = sourcecode.swift; path = PhotosAPIService.swift; sourceTree = "<group>"; };
		CA1FB761269AF898001AF136 /* GroupsSearchAPIService.swift */ = {isa = PBXFileReference; lastKnownFileType = sourcecode.swift; path = GroupsSearchAPIService.swift; sourceTree = "<group>"; };
		CA84584726A03521001F9041 /* MainTabBarController.swift */ = {isa = PBXFileReference; lastKnownFileType = sourcecode.swift; path = MainTabBarController.swift; sourceTree = "<group>"; };
		CA84584926A0355C001F9041 /* FriendsViewController.swift */ = {isa = PBXFileReference; lastKnownFileType = sourcecode.swift; path = FriendsViewController.swift; sourceTree = "<group>"; };
		CA84584B26A0357A001F9041 /* PhotosViewController.swift */ = {isa = PBXFileReference; lastKnownFileType = sourcecode.swift; path = PhotosViewController.swift; sourceTree = "<group>"; };
		CA84584D26A035A1001F9041 /* UserGroupsViewController.swift */ = {isa = PBXFileReference; lastKnownFileType = sourcecode.swift; path = UserGroupsViewController.swift; sourceTree = "<group>"; };
		CA84584F26A036AB001F9041 /* SearchGroupsViewController.swift */ = {isa = PBXFileReference; lastKnownFileType = sourcecode.swift; path = SearchGroupsViewController.swift; sourceTree = "<group>"; };
		CA84585226A042F8001F9041 /* Friends.swift */ = {isa = PBXFileReference; lastKnownFileType = sourcecode.swift; path = Friends.swift; sourceTree = "<group>"; };
		CA84585426A055BC001F9041 /* UserGroups.swift */ = {isa = PBXFileReference; lastKnownFileType = sourcecode.swift; path = UserGroups.swift; sourceTree = "<group>"; };
		CA84585626A05C3D001F9041 /* Photos.swift */ = {isa = PBXFileReference; lastKnownFileType = sourcecode.swift; path = Photos.swift; sourceTree = "<group>"; };
		CA84585826A05DC6001F9041 /* PhotoCell.swift */ = {isa = PBXFileReference; lastKnownFileType = sourcecode.swift; path = PhotoCell.swift; sourceTree = "<group>"; };
		CA84585A26A060E8001F9041 /* SearchingGroups.swift */ = {isa = PBXFileReference; lastKnownFileType = sourcecode.swift; path = SearchingGroups.swift; sourceTree = "<group>"; };
		CA923C6C269440D200D8169F /* clientServerVKontakteClone.app */ = {isa = PBXFileReference; explicitFileType = wrapper.application; includeInIndex = 0; path = clientServerVKontakteClone.app; sourceTree = BUILT_PRODUCTS_DIR; };
		CA923C6F269440D200D8169F /* AppDelegate.swift */ = {isa = PBXFileReference; lastKnownFileType = sourcecode.swift; path = AppDelegate.swift; sourceTree = "<group>"; };
		CA923C71269440D200D8169F /* SceneDelegate.swift */ = {isa = PBXFileReference; lastKnownFileType = sourcecode.swift; path = SceneDelegate.swift; sourceTree = "<group>"; };
		CA923C73269440D200D8169F /* AuthViewController.swift */ = {isa = PBXFileReference; lastKnownFileType = sourcecode.swift; path = AuthViewController.swift; sourceTree = "<group>"; };
		CA923C76269440D200D8169F /* Base */ = {isa = PBXFileReference; lastKnownFileType = file.storyboard; name = Base; path = Base.lproj/Main.storyboard; sourceTree = "<group>"; };
		CA923C78269440D400D8169F /* Assets.xcassets */ = {isa = PBXFileReference; lastKnownFileType = folder.assetcatalog; path = Assets.xcassets; sourceTree = "<group>"; };
		CA923C7B269440D400D8169F /* Base */ = {isa = PBXFileReference; lastKnownFileType = file.storyboard; name = Base; path = Base.lproj/LaunchScreen.storyboard; sourceTree = "<group>"; };
		CA923C7D269440D400D8169F /* Info.plist */ = {isa = PBXFileReference; lastKnownFileType = text.plist.xml; path = Info.plist; sourceTree = "<group>"; };
		CA923C85269441E100D8169F /* Session.swift */ = {isa = PBXFileReference; lastKnownFileType = sourcecode.swift; path = Session.swift; sourceTree = "<group>"; };
/* End PBXFileReference section */

/* Begin PBXFrameworksBuildPhase section */
		CA923C69269440D200D8169F /* Frameworks */ = {
			isa = PBXFrameworksBuildPhase;
			buildActionMask = 2147483647;
			files = (
			);
			runOnlyForDeploymentPostprocessing = 0;
		};
/* End PBXFrameworksBuildPhase section */

/* Begin PBXGroup section */
		CA1FB758269AD19A001AF136 /* ControllersAndCells */ = {
			isa = PBXGroup;
			children = (
				CA923C73269440D200D8169F /* AuthViewController.swift */,
				CA84584726A03521001F9041 /* MainTabBarController.swift */,
				CA84584926A0355C001F9041 /* FriendsViewController.swift */,
				CA84584B26A0357A001F9041 /* PhotosViewController.swift */,
				CA84584D26A035A1001F9041 /* UserGroupsViewController.swift */,
				CA84584F26A036AB001F9041 /* SearchGroupsViewController.swift */,
				CA84585826A05DC6001F9041 /* PhotoCell.swift */,
			);
			path = ControllersAndCells;
			sourceTree = "<group>";
		};
		CA84585126A042DC001F9041 /* Models */ = {
			isa = PBXGroup;
			children = (
				CA84585226A042F8001F9041 /* Friends.swift */,
				CA84585426A055BC001F9041 /* UserGroups.swift */,
				CA84585626A05C3D001F9041 /* Photos.swift */,
				CA84585A26A060E8001F9041 /* SearchingGroups.swift */,
			);
			path = Models;
			sourceTree = "<group>";
		};
		CA923C63269440D200D8169F = {
			isa = PBXGroup;
			children = (
				CA923C6E269440D200D8169F /* clientServerVKontakteClone */,
				CA923C6D269440D200D8169F /* Products */,
			);
			sourceTree = "<group>";
		};
		CA923C6D269440D200D8169F /* Products */ = {
			isa = PBXGroup;
			children = (
				CA923C6C269440D200D8169F /* clientServerVKontakteClone.app */,
			);
			name = Products;
			sourceTree = "<group>";
		};
		CA923C6E269440D200D8169F /* clientServerVKontakteClone */ = {
			isa = PBXGroup;
			children = (
				CA923C6F269440D200D8169F /* AppDelegate.swift */,
				CA923C71269440D200D8169F /* SceneDelegate.swift */,
				CA923C842694418700D8169F /* Services */,
				CA1FB758269AD19A001AF136 /* ControllersAndCells */,
				CA84585126A042DC001F9041 /* Models */,
				CA923C832694410600D8169F /* Resources */,
			);
			path = clientServerVKontakteClone;
			sourceTree = "<group>";
		};
		CA923C832694410600D8169F /* Resources */ = {
			isa = PBXGroup;
			children = (
				CA923C75269440D200D8169F /* Main.storyboard */,
				CA923C78269440D400D8169F /* Assets.xcassets */,
				CA923C7A269440D400D8169F /* LaunchScreen.storyboard */,
				CA923C7D269440D400D8169F /* Info.plist */,
			);
			path = Resources;
			sourceTree = "<group>";
		};
		CA923C842694418700D8169F /* Services */ = {
			isa = PBXGroup;
			children = (
				CA923C85269441E100D8169F /* Session.swift */,
				CA1FB75B269AE8BF001AF136 /* FriendsAPIService.swift */,
				CA1FB75F269AE93F001AF136 /* PhotosAPIService.swift */,
				CA1FB75D269AE91B001AF136 /* GroupsAPIService.swift */,
				CA1FB761269AF898001AF136 /* GroupsSearchAPIService.swift */,
			);
			path = Services;
			sourceTree = "<group>";
		};
/* End PBXGroup section */

/* Begin PBXNativeTarget section */
		CA923C6B269440D200D8169F /* clientServerVKontakteClone */ = {
			isa = PBXNativeTarget;
			buildConfigurationList = CA923C80269440D400D8169F /* Build configuration list for PBXNativeTarget "clientServerVKontakteClone" */;
			buildPhases = (
				CA923C68269440D200D8169F /* Sources */,
				CA923C69269440D200D8169F /* Frameworks */,
				CA923C6A269440D200D8169F /* Resources */,
			);
			buildRules = (
			);
			dependencies = (
			);
			name = clientServerVKontakteClone;
			productName = clientServerVKontakteClone;
			productReference = CA923C6C269440D200D8169F /* clientServerVKontakteClone.app */;
			productType = "com.apple.product-type.application";
		};
/* End PBXNativeTarget section */

/* Begin PBXProject section */
		CA923C64269440D200D8169F /* Project object */ = {
			isa = PBXProject;
			attributes = {
				LastSwiftUpdateCheck = 1250;
				LastUpgradeCheck = 1250;
				TargetAttributes = {
					CA923C6B269440D200D8169F = {
						CreatedOnToolsVersion = 12.5;
					};
				};
			};
			buildConfigurationList = CA923C67269440D200D8169F /* Build configuration list for PBXProject "clientServerVKontakteClone" */;
			compatibilityVersion = "Xcode 9.3";
			developmentRegion = en;
			hasScannedForEncodings = 0;
			knownRegions = (
				en,
				Base,
			);
			mainGroup = CA923C63269440D200D8169F;
			productRefGroup = CA923C6D269440D200D8169F /* Products */;
			projectDirPath = "";
			projectRoot = "";
			targets = (
				CA923C6B269440D200D8169F /* clientServerVKontakteClone */,
			);
		};
/* End PBXProject section */

/* Begin PBXResourcesBuildPhase section */
		CA923C6A269440D200D8169F /* Resources */ = {
			isa = PBXResourcesBuildPhase;
			buildActionMask = 2147483647;
			files = (
				CA923C7C269440D400D8169F /* LaunchScreen.storyboard in Resources */,
				CA923C79269440D400D8169F /* Assets.xcassets in Resources */,
				CA923C77269440D200D8169F /* Main.storyboard in Resources */,
			);
			runOnlyForDeploymentPostprocessing = 0;
		};
/* End PBXResourcesBuildPhase section */

/* Begin PBXSourcesBuildPhase section */
		CA923C68269440D200D8169F /* Sources */ = {
			isa = PBXSourcesBuildPhase;
			buildActionMask = 2147483647;
			files = (
				CA1FB762269AF898001AF136 /* GroupsSearchAPIService.swift in Sources */,
				CA84585326A042F8001F9041 /* Friends.swift in Sources */,
				CA84584C26A0357A001F9041 /* PhotosViewController.swift in Sources */,
				CA923C86269441E100D8169F /* Session.swift in Sources */,
				CA84585726A05C3D001F9041 /* Photos.swift in Sources */,
				CA84585926A05DC6001F9041 /* PhotoCell.swift in Sources */,
				CA84584826A03521001F9041 /* MainTabBarController.swift in Sources */,
				CA923C74269440D200D8169F /* AuthViewController.swift in Sources */,
				CA923C70269440D200D8169F /* AppDelegate.swift in Sources */,
				CA923C72269440D200D8169F /* SceneDelegate.swift in Sources */,
				CA84585526A055BC001F9041 /* UserGroups.swift in Sources */,
				CA84584E26A035A1001F9041 /* UserGroupsViewController.swift in Sources */,
				CA84585B26A060E8001F9041 /* SearchingGroups.swift in Sources */,
				CA84584A26A0355C001F9041 /* FriendsViewController.swift in Sources */,
				CA1FB760269AE93F001AF136 /* PhotosAPIService.swift in Sources */,
				CA84585026A036AB001F9041 /* SearchGroupsViewController.swift in Sources */,
				CA1FB75E269AE91B001AF136 /* GroupsAPIService.swift in Sources */,
				CA1FB75C269AE8BF001AF136 /* FriendsAPIService.swift in Sources */,
			);
			runOnlyForDeploymentPostprocessing = 0;
		};
/* End PBXSourcesBuildPhase section */

/* Begin PBXVariantGroup section */
		CA923C75269440D200D8169F /* Main.storyboard */ = {
			isa = PBXVariantGroup;
			children = (
				CA923C76269440D200D8169F /* Base */,
			);
			name = Main.storyboard;
			sourceTree = "<group>";
		};
		CA923C7A269440D400D8169F /* LaunchScreen.storyboard */ = {
			isa = PBXVariantGroup;
			children = (
				CA923C7B269440D400D8169F /* Base */,
			);
			name = LaunchScreen.storyboard;
			sourceTree = "<group>";
		};
/* End PBXVariantGroup section */

/* Begin XCBuildConfiguration section */
		CA923C7E269440D400D8169F /* Debug */ = {
			isa = XCBuildConfiguration;
			buildSettings = {
				ALWAYS_SEARCH_USER_PATHS = NO;
				CLANG_ANALYZER_NONNULL = YES;
				CLANG_ANALYZER_NUMBER_OBJECT_CONVERSION = YES_AGGRESSIVE;
				CLANG_CXX_LANGUAGE_STANDARD = "gnu++14";
				CLANG_CXX_LIBRARY = "libc++";
				CLANG_ENABLE_MODULES = YES;
				CLANG_ENABLE_OBJC_ARC = YES;
				CLANG_ENABLE_OBJC_WEAK = YES;
				CLANG_WARN_BLOCK_CAPTURE_AUTORELEASING = YES;
				CLANG_WARN_BOOL_CONVERSION = YES;
				CLANG_WARN_COMMA = YES;
				CLANG_WARN_CONSTANT_CONVERSION = YES;
				CLANG_WARN_DEPRECATED_OBJC_IMPLEMENTATIONS = YES;
				CLANG_WARN_DIRECT_OBJC_ISA_USAGE = YES_ERROR;
				CLANG_WARN_DOCUMENTATION_COMMENTS = YES;
				CLANG_WARN_EMPTY_BODY = YES;
				CLANG_WARN_ENUM_CONVERSION = YES;
				CLANG_WARN_INFINITE_RECURSION = YES;
				CLANG_WARN_INT_CONVERSION = YES;
				CLANG_WARN_NON_LITERAL_NULL_CONVERSION = YES;
				CLANG_WARN_OBJC_IMPLICIT_RETAIN_SELF = YES;
				CLANG_WARN_OBJC_LITERAL_CONVERSION = YES;
				CLANG_WARN_OBJC_ROOT_CLASS = YES_ERROR;
				CLANG_WARN_QUOTED_INCLUDE_IN_FRAMEWORK_HEADER = YES;
				CLANG_WARN_RANGE_LOOP_ANALYSIS = YES;
				CLANG_WARN_STRICT_PROTOTYPES = YES;
				CLANG_WARN_SUSPICIOUS_MOVE = YES;
				CLANG_WARN_UNGUARDED_AVAILABILITY = YES_AGGRESSIVE;
				CLANG_WARN_UNREACHABLE_CODE = YES;
				CLANG_WARN__DUPLICATE_METHOD_MATCH = YES;
				COPY_PHASE_STRIP = NO;
				DEBUG_INFORMATION_FORMAT = dwarf;
				ENABLE_STRICT_OBJC_MSGSEND = YES;
				ENABLE_TESTABILITY = YES;
				GCC_C_LANGUAGE_STANDARD = gnu11;
				GCC_DYNAMIC_NO_PIC = NO;
				GCC_NO_COMMON_BLOCKS = YES;
				GCC_OPTIMIZATION_LEVEL = 0;
				GCC_PREPROCESSOR_DEFINITIONS = (
					"DEBUG=1",
					"$(inherited)",
				);
				GCC_WARN_64_TO_32_BIT_CONVERSION = YES;
				GCC_WARN_ABOUT_RETURN_TYPE = YES_ERROR;
				GCC_WARN_UNDECLARED_SELECTOR = YES;
				GCC_WARN_UNINITIALIZED_AUTOS = YES_AGGRESSIVE;
				GCC_WARN_UNUSED_FUNCTION = YES;
				GCC_WARN_UNUSED_VARIABLE = YES;
				IPHONEOS_DEPLOYMENT_TARGET = 14.5;
				MTL_ENABLE_DEBUG_INFO = INCLUDE_SOURCE;
				MTL_FAST_MATH = YES;
				ONLY_ACTIVE_ARCH = YES;
				SDKROOT = iphoneos;
				SWIFT_ACTIVE_COMPILATION_CONDITIONS = DEBUG;
				SWIFT_OPTIMIZATION_LEVEL = "-Onone";
			};
			name = Debug;
		};
		CA923C7F269440D400D8169F /* Release */ = {
			isa = XCBuildConfiguration;
			buildSettings = {
				ALWAYS_SEARCH_USER_PATHS = NO;
				CLANG_ANALYZER_NONNULL = YES;
				CLANG_ANALYZER_NUMBER_OBJECT_CONVERSION = YES_AGGRESSIVE;
				CLANG_CXX_LANGUAGE_STANDARD = "gnu++14";
				CLANG_CXX_LIBRARY = "libc++";
				CLANG_ENABLE_MODULES = YES;
				CLANG_ENABLE_OBJC_ARC = YES;
				CLANG_ENABLE_OBJC_WEAK = YES;
				CLANG_WARN_BLOCK_CAPTURE_AUTORELEASING = YES;
				CLANG_WARN_BOOL_CONVERSION = YES;
				CLANG_WARN_COMMA = YES;
				CLANG_WARN_CONSTANT_CONVERSION = YES;
				CLANG_WARN_DEPRECATED_OBJC_IMPLEMENTATIONS = YES;
				CLANG_WARN_DIRECT_OBJC_ISA_USAGE = YES_ERROR;
				CLANG_WARN_DOCUMENTATION_COMMENTS = YES;
				CLANG_WARN_EMPTY_BODY = YES;
				CLANG_WARN_ENUM_CONVERSION = YES;
				CLANG_WARN_INFINITE_RECURSION = YES;
				CLANG_WARN_INT_CONVERSION = YES;
				CLANG_WARN_NON_LITERAL_NULL_CONVERSION = YES;
				CLANG_WARN_OBJC_IMPLICIT_RETAIN_SELF = YES;
				CLANG_WARN_OBJC_LITERAL_CONVERSION = YES;
				CLANG_WARN_OBJC_ROOT_CLASS = YES_ERROR;
				CLANG_WARN_QUOTED_INCLUDE_IN_FRAMEWORK_HEADER = YES;
				CLANG_WARN_RANGE_LOOP_ANALYSIS = YES;
				CLANG_WARN_STRICT_PROTOTYPES = YES;
				CLANG_WARN_SUSPICIOUS_MOVE = YES;
				CLANG_WARN_UNGUARDED_AVAILABILITY = YES_AGGRESSIVE;
				CLANG_WARN_UNREACHABLE_CODE = YES;
				CLANG_WARN__DUPLICATE_METHOD_MATCH = YES;
				COPY_PHASE_STRIP = NO;
				DEBUG_INFORMATION_FORMAT = "dwarf-with-dsym";
				ENABLE_NS_ASSERTIONS = NO;
				ENABLE_STRICT_OBJC_MSGSEND = YES;
				GCC_C_LANGUAGE_STANDARD = gnu11;
				GCC_NO_COMMON_BLOCKS = YES;
				GCC_WARN_64_TO_32_BIT_CONVERSION = YES;
				GCC_WARN_ABOUT_RETURN_TYPE = YES_ERROR;
				GCC_WARN_UNDECLARED_SELECTOR = YES;
				GCC_WARN_UNINITIALIZED_AUTOS = YES_AGGRESSIVE;
				GCC_WARN_UNUSED_FUNCTION = YES;
				GCC_WARN_UNUSED_VARIABLE = YES;
				IPHONEOS_DEPLOYMENT_TARGET = 14.5;
				MTL_ENABLE_DEBUG_INFO = NO;
				MTL_FAST_MATH = YES;
				SDKROOT = iphoneos;
				SWIFT_COMPILATION_MODE = wholemodule;
				SWIFT_OPTIMIZATION_LEVEL = "-O";
				VALIDATE_PRODUCT = YES;
			};
			name = Release;
		};
		CA923C81269440D400D8169F /* Debug */ = {
			isa = XCBuildConfiguration;
			buildSettings = {
				ASSETCATALOG_COMPILER_APPICON_NAME = AppIcon;
				ASSETCATALOG_COMPILER_GLOBAL_ACCENT_COLOR_NAME = AccentColor;
				CODE_SIGN_STYLE = Automatic;
				DEVELOPMENT_TEAM = WBQRF7BRYB;
				INFOPLIST_FILE = clientServerVKontakteClone/Resources/Info.plist;
				LD_RUNPATH_SEARCH_PATHS = (
					"$(inherited)",
					"@executable_path/Frameworks",
				);
				PRODUCT_BUNDLE_IDENTIFIER = com.dk.clientServerVKontakteClone;
				PRODUCT_NAME = "$(TARGET_NAME)";
				SWIFT_VERSION = 5.0;
				TARGETED_DEVICE_FAMILY = "1,2";
			};
			name = Debug;
		};
		CA923C82269440D400D8169F /* Release */ = {
			isa = XCBuildConfiguration;
			buildSettings = {
				ASSETCATALOG_COMPILER_APPICON_NAME = AppIcon;
				ASSETCATALOG_COMPILER_GLOBAL_ACCENT_COLOR_NAME = AccentColor;
				CODE_SIGN_STYLE = Automatic;
				DEVELOPMENT_TEAM = WBQRF7BRYB;
				INFOPLIST_FILE = clientServerVKontakteClone/Resources/Info.plist;
				LD_RUNPATH_SEARCH_PATHS = (
					"$(inherited)",
					"@executable_path/Frameworks",
				);
				PRODUCT_BUNDLE_IDENTIFIER = com.dk.clientServerVKontakteClone;
				PRODUCT_NAME = "$(TARGET_NAME)";
				SWIFT_VERSION = 5.0;
				TARGETED_DEVICE_FAMILY = "1,2";
			};
			name = Release;
		};
/* End XCBuildConfiguration section */

/* Begin XCConfigurationList section */
		CA923C67269440D200D8169F /* Build configuration list for PBXProject "clientServerVKontakteClone" */ = {
			isa = XCConfigurationList;
			buildConfigurations = (
				CA923C7E269440D400D8169F /* Debug */,
				CA923C7F269440D400D8169F /* Release */,
			);
			defaultConfigurationIsVisible = 0;
			defaultConfigurationName = Release;
		};
		CA923C80269440D400D8169F /* Build configuration list for PBXNativeTarget "clientServerVKontakteClone" */ = {
			isa = XCConfigurationList;
			buildConfigurations = (
				CA923C81269440D400D8169F /* Debug */,
				CA923C82269440D400D8169F /* Release */,
			);
			defaultConfigurationIsVisible = 0;
			defaultConfigurationName = Release;
		};
/* End XCConfigurationList section */
	};
	rootObject = CA923C64269440D200D8169F /* Project object */;
}
