PODS:
  - PromiseKit (6.15.3):
    - PromiseKit/CorePromise (= 6.15.3)
    - PromiseKit/Foundation (= 6.15.3)
    - PromiseKit/UIKit (= 6.15.3)
  - PromiseKit/CorePromise (6.15.3)
  - PromiseKit/Foundation (6.15.3):
    - PromiseKit/CorePromise
  - PromiseKit/UIKit (6.15.3):
    - PromiseKit/CorePromise

DEPENDENCIES:
  - PromiseKit

SPEC REPOS:
  trunk:
    - PromiseKit

SPEC CHECKSUMS:
  PromiseKit: 3b2b6995e51a954c46dbc550ce3da44fbfb563c5

PODFILE CHECKSUM: d4e519bbc8be49573c571d061d27c9b00e8827aa

COCOAPODS: 1.11.2
